
Microsoft Visual Studio Solution File, Format Version 12.00
# Visual Studio Version 17
VisualStudioVersion = 17.11.35327.3
MinimumVisualStudioVersion = 10.0.40219.1
Project("{FAE04EC0-301F-11D3-BF4B-00C04F79EFBC}") = "LINQWithXml", "LINQWithXml.csproj", "{F2A2FCF5-B87C-40ED-BFFD-76B6D405F331}"
EndProject
Global
	GlobalSection(SolutionConfigurationPlatforms) = preSolution
		Debug|Any CPU = Debug|Any CPU
		Release|Any CPU = Release|Any CPU
	EndGlobalSection
	GlobalSection(ProjectConfigurationPlatforms) = postSolution
		{F2A2FCF5-B87C-40ED-BFFD-76B6D405F331}.Debug|Any CPU.ActiveCfg = Debug|Any CPU
		{F2A2FCF5-B87C-40ED-BFFD-76B6D405F331}.Debug|Any CPU.Build.0 = Debug|Any CPU
		{F2A2FCF5-B87C-40ED-BFFD-76B6D405F331}.Release|Any CPU.ActiveCfg = Release|Any CPU
		{F2A2FCF5-B87C-40ED-BFFD-76B6D405F331}.Release|Any CPU.Build.0 = Release|Any CPU
	EndGlobalSection
	GlobalSection(SolutionProperties) = preSolution
		HideSolutionNode = FALSE
	EndGlobalSection
	GlobalSection(ExtensibilityGlobals) = postSolution
		SolutionGuid = {35083BCD-FDD3-4842-B766-8776BC44A065}
	EndGlobalSection
EndGlobal
